
Microsoft Visual Studio Solution File, Format Version 11.00
# Visual Studio 2010
Project("{8BC9CEB8-8B4A-11D0-8D11-00A0C91BC942}") = "cis460hw1", "cis460hw1\cis460hw1.vcxproj", "{A26738AC-6938-42AB-841F-37FCB27A7109}"
EndProject
Global
	GlobalSection(SolutionConfigurationPlatforms) = preSolution
		Debug|Win32 = Debug|Win32
		Release|Win32 = Release|Win32
	EndGlobalSection
	GlobalSection(ProjectConfigurationPlatforms) = postSolution
		{A26738AC-6938-42AB-841F-37FCB27A7109}.Debug|Win32.ActiveCfg = Debug|Win32
		{A26738AC-6938-42AB-841F-37FCB27A7109}.Debug|Win32.Build.0 = Debug|Win32
		{A26738AC-6938-42AB-841F-37FCB27A7109}.Release|Win32.ActiveCfg = Release|Win32
		{A26738AC-6938-42AB-841F-37FCB27A7109}.Release|Win32.Build.0 = Release|Win32
	EndGlobalSection
	GlobalSection(SolutionProperties) = preSolution
		HideSolutionNode = FALSE
	EndGlobalSection
EndGlobal
